
Microsoft Visual Studio Solution File, Format Version 12.00
# Visual Studio Version 17
VisualStudioVersion = 17.0.31903.59
MinimumVisualStudioVersion = 10.0.40219.1
Project("{FAE04EC0-301F-11D3-BF4B-00C04F79EFBC}") = "Bibliographical Inheritance", "Bibliographical Inheritance.csproj", "{143B36DF-34D5-4909-B20E-D258C19F6F68}"
EndProject
Global
	GlobalSection(SolutionConfigurationPlatforms) = preSolution
		Debug|Any CPU = Debug|Any CPU
		Release|Any CPU = Release|Any CPU
	EndGlobalSection
	GlobalSection(SolutionProperties) = preSolution
		HideSolutionNode = FALSE
	EndGlobalSection
	GlobalSection(ProjectConfigurationPlatforms) = postSolution
		{143B36DF-34D5-4909-B20E-D258C19F6F68}.Debug|Any CPU.ActiveCfg = Debug|Any CPU
		{143B36DF-34D5-4909-B20E-D258C19F6F68}.Debug|Any CPU.Build.0 = Debug|Any CPU
		{143B36DF-34D5-4909-B20E-D258C19F6F68}.Release|Any CPU.ActiveCfg = Release|Any CPU
		{143B36DF-34D5-4909-B20E-D258C19F6F68}.Release|Any CPU.Build.0 = Release|Any CPU
	EndGlobalSection
EndGlobal
